
Microsoft Visual Studio Solution File, Format Version 12.00
# Visual Studio Version 16
VisualStudioVersion = 16.0.30523.141
MinimumVisualStudioVersion = 10.0.40219.1
Project("{778DAE3C-4631-46EA-AA77-85C1314464D9}") = "PointLib", "PointLib\PointLib.vbproj", "{17902F7F-89F2-4077-8972-F41845040646}"
EndProject
Project("{FAE04EC0-301F-11D3-BF4B-00C04F79EFBC}") = "FormsApp", "FormsApp\FormsApp.csproj", "{C083F084-9D46-4707-B964-F165835ABBC9}"
EndProject
Global
	GlobalSection(SolutionConfigurationPlatforms) = preSolution
		Debug|Any CPU = Debug|Any CPU
		Release|Any CPU = Release|Any CPU
	EndGlobalSection
	GlobalSection(ProjectConfigurationPlatforms) = postSolution
		{17902F7F-89F2-4077-8972-F41845040646}.Debug|Any CPU.ActiveCfg = Debug|Any CPU
		{17902F7F-89F2-4077-8972-F41845040646}.Debug|Any CPU.Build.0 = Debug|Any CPU
		{17902F7F-89F2-4077-8972-F41845040646}.Release|Any CPU.ActiveCfg = Release|Any CPU
		{17902F7F-89F2-4077-8972-F41845040646}.Release|Any CPU.Build.0 = Release|Any CPU
		{C083F084-9D46-4707-B964-F165835ABBC9}.Debug|Any CPU.ActiveCfg = Debug|Any CPU
		{C083F084-9D46-4707-B964-F165835ABBC9}.Debug|Any CPU.Build.0 = Debug|Any CPU
		{C083F084-9D46-4707-B964-F165835ABBC9}.Release|Any CPU.ActiveCfg = Release|Any CPU
		{C083F084-9D46-4707-B964-F165835ABBC9}.Release|Any CPU.Build.0 = Release|Any CPU
	EndGlobalSection
	GlobalSection(SolutionProperties) = preSolution
		HideSolutionNode = FALSE
	EndGlobalSection
	GlobalSection(ExtensibilityGlobals) = postSolution
		SolutionGuid = {553FD57D-48F8-4B69-910E-D31B1B9ECA85}
	EndGlobalSection
EndGlobal
